
Microsoft Visual Studio Solution File, Format Version 12.00
# Visual Studio Version 16
VisualStudioVersion = 16.0.31005.135
MinimumVisualStudioVersion = 15.0.26124.0
Project("{9A19103F-16F7-4668-BE54-9A1E7A4F7556}") = "Resader.Api", "api\Resader.Api.csproj", "{4A923AA2-4A10-44FC-BACE-45227ECFF369}"
EndProject
Project("{9A19103F-16F7-4668-BE54-9A1E7A4F7556}") = "Resader.Common", "common\Resader.Common.csproj", "{13EA7BD4-E06F-4141-B2B4-A37E90754A8E}"
EndProject
Global
	GlobalSection(SolutionConfigurationPlatforms) = preSolution
		Debug|Any CPU = Debug|Any CPU
		Debug|x64 = Debug|x64
		Debug|x86 = Debug|x86
		Release|Any CPU = Release|Any CPU
		Release|x64 = Release|x64
		Release|x86 = Release|x86
	EndGlobalSection
	GlobalSection(ProjectConfigurationPlatforms) = postSolution
		{4A923AA2-4A10-44FC-BACE-45227ECFF369}.Debug|Any CPU.ActiveCfg = Debug|Any CPU
		{4A923AA2-4A10-44FC-BACE-45227ECFF369}.Debug|Any CPU.Build.0 = Debug|Any CPU
		{4A923AA2-4A10-44FC-BACE-45227ECFF369}.Debug|x64.ActiveCfg = Debug|Any CPU
		{4A923AA2-4A10-44FC-BACE-45227ECFF369}.Debug|x64.Build.0 = Debug|Any CPU
		{4A923AA2-4A10-44FC-BACE-45227ECFF369}.Debug|x86.ActiveCfg = Debug|Any CPU
		{4A923AA2-4A10-44FC-BACE-45227ECFF369}.Debug|x86.Build.0 = Debug|Any CPU
		{4A923AA2-4A10-44FC-BACE-45227ECFF369}.Release|Any CPU.ActiveCfg = Release|Any CPU
		{4A923AA2-4A10-44FC-BACE-45227ECFF369}.Release|Any CPU.Build.0 = Release|Any CPU
		{4A923AA2-4A10-44FC-BACE-45227ECFF369}.Release|x64.ActiveCfg = Release|Any CPU
		{4A923AA2-4A10-44FC-BACE-45227ECFF369}.Release|x64.Build.0 = Release|Any CPU
		{4A923AA2-4A10-44FC-BACE-45227ECFF369}.Release|x86.ActiveCfg = Release|Any CPU
		{4A923AA2-4A10-44FC-BACE-45227ECFF369}.Release|x86.Build.0 = Release|Any CPU
		{13EA7BD4-E06F-4141-B2B4-A37E90754A8E}.Debug|Any CPU.ActiveCfg = Debug|Any CPU
		{13EA7BD4-E06F-4141-B2B4-A37E90754A8E}.Debug|Any CPU.Build.0 = Debug|Any CPU
		{13EA7BD4-E06F-4141-B2B4-A37E90754A8E}.Debug|x64.ActiveCfg = Debug|Any CPU
		{13EA7BD4-E06F-4141-B2B4-A37E90754A8E}.Debug|x64.Build.0 = Debug|Any CPU
		{13EA7BD4-E06F-4141-B2B4-A37E90754A8E}.Debug|x86.ActiveCfg = Debug|Any CPU
		{13EA7BD4-E06F-4141-B2B4-A37E90754A8E}.Debug|x86.Build.0 = Debug|Any CPU
		{13EA7BD4-E06F-4141-B2B4-A37E90754A8E}.Release|Any CPU.ActiveCfg = Release|Any CPU
		{13EA7BD4-E06F-4141-B2B4-A37E90754A8E}.Release|Any CPU.Build.0 = Release|Any CPU
		{13EA7BD4-E06F-4141-B2B4-A37E90754A8E}.Release|x64.ActiveCfg = Release|Any CPU
		{13EA7BD4-E06F-4141-B2B4-A37E90754A8E}.Release|x64.Build.0 = Release|Any CPU
		{13EA7BD4-E06F-4141-B2B4-A37E90754A8E}.Release|x86.ActiveCfg = Release|Any CPU
		{13EA7BD4-E06F-4141-B2B4-A37E90754A8E}.Release|x86.Build.0 = Release|Any CPU
	EndGlobalSection
	GlobalSection(SolutionProperties) = preSolution
		HideSolutionNode = FALSE
	EndGlobalSection
	GlobalSection(ExtensibilityGlobals) = postSolution
		SolutionGuid = {1F3A6E9B-2786-4D24-8925-E343BD5F027A}
	EndGlobalSection
EndGlobal
